
Microsoft Visual Studio Solution File, Format Version 12.00
# Visual Studio Version 16
VisualStudioVersion = 16.0.30804.86
MinimumVisualStudioVersion = 10.0.40219.1
Project("{FAE04EC0-301F-11D3-BF4B-00C04F79EFBC}") = "school", "school\school.csproj", "{F1771347-68B8-4D96-8B4E-4D823331AD6C}"
EndProject
Global
	GlobalSection(SolutionConfigurationPlatforms) = preSolution
		Debug|Any CPU = Debug|Any CPU
		Release|Any CPU = Release|Any CPU
	EndGlobalSection
	GlobalSection(ProjectConfigurationPlatforms) = postSolution
		{F1771347-68B8-4D96-8B4E-4D823331AD6C}.Debug|Any CPU.ActiveCfg = Debug|Any CPU
		{F1771347-68B8-4D96-8B4E-4D823331AD6C}.Debug|Any CPU.Build.0 = Debug|Any CPU
		{F1771347-68B8-4D96-8B4E-4D823331AD6C}.Release|Any CPU.ActiveCfg = Release|Any CPU
		{F1771347-68B8-4D96-8B4E-4D823331AD6C}.Release|Any CPU.Build.0 = Release|Any CPU
	EndGlobalSection
	GlobalSection(SolutionProperties) = preSolution
		HideSolutionNode = FALSE
	EndGlobalSection
	GlobalSection(ExtensibilityGlobals) = postSolution
		SolutionGuid = {0F7B0A19-139B-4573-9863-AB233DF9D860}
	EndGlobalSection
EndGlobal
